
Microsoft Visual Studio Solution File, Format Version 12.00
# Visual Studio Version 17
VisualStudioVersion = 17.0.31903.59
MinimumVisualStudioVersion = 10.0.40219.1
Project("{2150E333-8FDC-42A3-9474-1A3956D46DE8}") = "core", "core", "{91E2B4E1-4115-4A84-9959-F5F37A727E1D}"
EndProject
Project("{FAE04EC0-301F-11D3-BF4B-00C04F79EFBC}") = "Domain", "core\Domain\Domain.csproj", "{1C6C902A-7024-475C-AB56-AC81470A860E}"
EndProject
Project("{FAE04EC0-301F-11D3-BF4B-00C04F79EFBC}") = "Ports", "core\Ports\Ports.csproj", "{C2068C7F-4CBB-443C-96C5-7B1A05F7F385}"
EndProject
Project("{FAE04EC0-301F-11D3-BF4B-00C04F79EFBC}") = "Usecases", "core\Usecases\Usecases.csproj", "{493810D9-FCBD-4DF8-AC6C-0D8ACAFE434E}"
EndProject
Project("{2150E333-8FDC-42A3-9474-1A3956D46DE8}") = "adapters", "adapters", "{0E3B3D5F-9D13-4736-B0B5-64CFE2C0EC15}"
EndProject
Project("{FAE04EC0-301F-11D3-BF4B-00C04F79EFBC}") = "db", "adapters\DB\db.csproj", "{3118C0F4-E1B5-473A-B216-648A8F5EAF9A}"
EndProject
Project("{FAE04EC0-301F-11D3-BF4B-00C04F79EFBC}") = "file", "adapters\File\file.csproj", "{D1D975AE-9DB7-45A5-A1E1-7F840F8ABEB8}"
EndProject
Project("{FAE04EC0-301F-11D3-BF4B-00C04F79EFBC}") = "http", "adapters\Http\http.csproj", "{82ED960F-B28E-4555-A84C-0997BDFEA9AB}"
EndProject
Project("{2150E333-8FDC-42A3-9474-1A3956D46DE8}") = "tests", "tests", "{1471A122-7F27-42CD-B528-89533A7B69FF}"
EndProject
Project("{FAE04EC0-301F-11D3-BF4B-00C04F79EFBC}") = "CreateOrderTests", "tests\CreateOrderTests\CreateOrderTests.csproj", "{8892132D-F4C6-44F9-B1FB-71C4B44EFDEA}"
EndProject
Global
	GlobalSection(SolutionConfigurationPlatforms) = preSolution
		Debug|Any CPU = Debug|Any CPU
		Release|Any CPU = Release|Any CPU
	EndGlobalSection
	GlobalSection(SolutionProperties) = preSolution
		HideSolutionNode = FALSE
	EndGlobalSection
	GlobalSection(ProjectConfigurationPlatforms) = postSolution
		{1C6C902A-7024-475C-AB56-AC81470A860E}.Debug|Any CPU.ActiveCfg = Debug|Any CPU
		{1C6C902A-7024-475C-AB56-AC81470A860E}.Debug|Any CPU.Build.0 = Debug|Any CPU
		{1C6C902A-7024-475C-AB56-AC81470A860E}.Release|Any CPU.ActiveCfg = Release|Any CPU
		{1C6C902A-7024-475C-AB56-AC81470A860E}.Release|Any CPU.Build.0 = Release|Any CPU
		{C2068C7F-4CBB-443C-96C5-7B1A05F7F385}.Debug|Any CPU.ActiveCfg = Debug|Any CPU
		{C2068C7F-4CBB-443C-96C5-7B1A05F7F385}.Debug|Any CPU.Build.0 = Debug|Any CPU
		{C2068C7F-4CBB-443C-96C5-7B1A05F7F385}.Release|Any CPU.ActiveCfg = Release|Any CPU
		{C2068C7F-4CBB-443C-96C5-7B1A05F7F385}.Release|Any CPU.Build.0 = Release|Any CPU
		{493810D9-FCBD-4DF8-AC6C-0D8ACAFE434E}.Debug|Any CPU.ActiveCfg = Debug|Any CPU
		{493810D9-FCBD-4DF8-AC6C-0D8ACAFE434E}.Debug|Any CPU.Build.0 = Debug|Any CPU
		{493810D9-FCBD-4DF8-AC6C-0D8ACAFE434E}.Release|Any CPU.ActiveCfg = Release|Any CPU
		{493810D9-FCBD-4DF8-AC6C-0D8ACAFE434E}.Release|Any CPU.Build.0 = Release|Any CPU
		{3118C0F4-E1B5-473A-B216-648A8F5EAF9A}.Debug|Any CPU.ActiveCfg = Debug|Any CPU
		{3118C0F4-E1B5-473A-B216-648A8F5EAF9A}.Debug|Any CPU.Build.0 = Debug|Any CPU
		{3118C0F4-E1B5-473A-B216-648A8F5EAF9A}.Release|Any CPU.ActiveCfg = Release|Any CPU
		{3118C0F4-E1B5-473A-B216-648A8F5EAF9A}.Release|Any CPU.Build.0 = Release|Any CPU
		{D1D975AE-9DB7-45A5-A1E1-7F840F8ABEB8}.Debug|Any CPU.ActiveCfg = Debug|Any CPU
		{D1D975AE-9DB7-45A5-A1E1-7F840F8ABEB8}.Debug|Any CPU.Build.0 = Debug|Any CPU
		{D1D975AE-9DB7-45A5-A1E1-7F840F8ABEB8}.Release|Any CPU.ActiveCfg = Release|Any CPU
		{D1D975AE-9DB7-45A5-A1E1-7F840F8ABEB8}.Release|Any CPU.Build.0 = Release|Any CPU
		{82ED960F-B28E-4555-A84C-0997BDFEA9AB}.Debug|Any CPU.ActiveCfg = Debug|Any CPU
		{82ED960F-B28E-4555-A84C-0997BDFEA9AB}.Debug|Any CPU.Build.0 = Debug|Any CPU
		{82ED960F-B28E-4555-A84C-0997BDFEA9AB}.Release|Any CPU.ActiveCfg = Release|Any CPU
		{82ED960F-B28E-4555-A84C-0997BDFEA9AB}.Release|Any CPU.Build.0 = Release|Any CPU
		{8892132D-F4C6-44F9-B1FB-71C4B44EFDEA}.Debug|Any CPU.ActiveCfg = Debug|Any CPU
		{8892132D-F4C6-44F9-B1FB-71C4B44EFDEA}.Debug|Any CPU.Build.0 = Debug|Any CPU
		{8892132D-F4C6-44F9-B1FB-71C4B44EFDEA}.Release|Any CPU.ActiveCfg = Release|Any CPU
		{8892132D-F4C6-44F9-B1FB-71C4B44EFDEA}.Release|Any CPU.Build.0 = Release|Any CPU
	EndGlobalSection
	GlobalSection(NestedProjects) = preSolution
		{1C6C902A-7024-475C-AB56-AC81470A860E} = {91E2B4E1-4115-4A84-9959-F5F37A727E1D}
		{C2068C7F-4CBB-443C-96C5-7B1A05F7F385} = {91E2B4E1-4115-4A84-9959-F5F37A727E1D}
		{493810D9-FCBD-4DF8-AC6C-0D8ACAFE434E} = {91E2B4E1-4115-4A84-9959-F5F37A727E1D}
		{3118C0F4-E1B5-473A-B216-648A8F5EAF9A} = {0E3B3D5F-9D13-4736-B0B5-64CFE2C0EC15}
		{D1D975AE-9DB7-45A5-A1E1-7F840F8ABEB8} = {0E3B3D5F-9D13-4736-B0B5-64CFE2C0EC15}
		{82ED960F-B28E-4555-A84C-0997BDFEA9AB} = {0E3B3D5F-9D13-4736-B0B5-64CFE2C0EC15}
		{8892132D-F4C6-44F9-B1FB-71C4B44EFDEA} = {1471A122-7F27-42CD-B528-89533A7B69FF}
	EndGlobalSection
EndGlobal
